// !$*UTF8*$!
{
	archiveVersion = 1;
	classes = {
	};
	objectVersion = 48;
	objects = {

/* Begin PBXBuildFile section */
		AC31F081203B1C7200C0DB6F /* AppDelegate.swift in Sources */ = {isa = PBXBuildFile; fileRef = AC31F080203B1C7200C0DB6F /* AppDelegate.swift */; };
		AC31F083203B1C7200C0DB6F /* ViewController.swift in Sources */ = {isa = PBXBuildFile; fileRef = AC31F082203B1C7200C0DB6F /* ViewController.swift */; };
		AC31F086203B1C7200C0DB6F /* Main.storyboard in Resources */ = {isa = PBXBuildFile; fileRef = AC31F084203B1C7200C0DB6F /* Main.storyboard */; };
		AC31F088203B1C7200C0DB6F /* Assets.xcassets in Resources */ = {isa = PBXBuildFile; fileRef = AC31F087203B1C7200C0DB6F /* Assets.xcassets */; };
		AC31F08B203B1C7200C0DB6F /* LaunchScreen.storyboard in Resources */ = {isa = PBXBuildFile; fileRef = AC31F089203B1C7200C0DB6F /* LaunchScreen.storyboard */; };
/* End PBXBuildFile section */

/* Begin PBXFileReference section */
		AC31F07D203B1C7200C0DB6F /* SpeakHelloWorld.app */ = {isa = PBXFileReference; explicitFileType = wrapper.application; includeInIndex = 0; path = SpeakHelloWorld.app; sourceTree = BUILT_PRODUCTS_DIR; };
		AC31F080203B1C7200C0DB6F /* AppDelegate.swift */ = {isa = PBXFileReference; lastKnownFileType = sourcecode.swift; path = AppDelegate.swift; sourceTree = "<group>"; };
		AC31F082203B1C7200C0DB6F /* ViewController.swift */ = {isa = PBXFileReference; lastKnownFileType = sourcecode.swift; path = ViewController.swift; sourceTree = "<group>"; };
		AC31F085203B1C7200C0DB6F /* Base */ = {isa = PBXFileReference; lastKnownFileType = file.storyboard; name = Base; path = Base.lproj/Main.storyboard; sourceTree = "<group>"; };
		AC31F087203B1C7200C0DB6F /* Assets.xcassets */ = {isa = PBXFileReference; lastKnownFileType = folder.assetcatalog; path = Assets.xcassets; sourceTree = "<group>"; };
		AC31F08A203B1C7200C0DB6F /* Base */ = {isa = PBXFileReference; lastKnownFileType = file.storyboard; name = Base; path = Base.lproj/LaunchScreen.storyboard; sourceTree = "<group>"; };
		AC31F08C203B1C7200C0DB6F /* Info.plist */ = {isa = PBXFileReference; lastKnownFileType = text.plist.xml; path = Info.plist; sourceTree = "<group>"; };
/* End PBXFileReference section */

/* Begin PBXFrameworksBuildPhase section */
		AC31F07A203B1C7200C0DB6F /* Frameworks */ = {
			isa = PBXFrameworksBuildPhase;
			buildActionMask = 2147483647;
			files = (
			);
			runOnlyForDeploymentPostprocessing = 0;
		};
/* End PBXFrameworksBuildPhase section */

/* Begin PBXGroup section */
		AC31F074203B1C7200C0DB6F = {
			isa = PBXGroup;
			children = (
				AC31F07F203B1C7200C0DB6F /* SpeakHelloWorld */,
				AC31F07E203B1C7200C0DB6F /* Products */,
			);
			sourceTree = "<group>";
		};
		AC31F07E203B1C7200C0DB6F /* Products */ = {
			isa = PBXGroup;
			children = (
				AC31F07D203B1C7200C0DB6F /* SpeakHelloWorld.app */,
			);
			name = Products;
			sourceTree = "<group>";
		};
		AC31F07F203B1C7200C0DB6F /* SpeakHelloWorld */ = {
			isa = PBXGroup;
			children = (
				AC31F080203B1C7200C0DB6F /* AppDelegate.swift */,
				AC31F082203B1C7200C0DB6F /* ViewController.swift */,
				AC31F084203B1C7200C0DB6F /* Main.storyboard */,
				AC31F087203B1C7200C0DB6F /* Assets.xcassets */,
				AC31F089203B1C7200C0DB6F /* LaunchScreen.storyboard */,
				AC31F08C203B1C7200C0DB6F /* Info.plist */,
			);
			path = SpeakHelloWorld;
			sourceTree = "<group>";
		};
/* End PBXGroup section */

/* Begin PBXNativeTarget section */
		AC31F07C203B1C7200C0DB6F /* SpeakHelloWorld */ = {
			isa = PBXNativeTarget;
			buildConfigurationList = AC31F08F203B1C7200C0DB6F /* Build configuration list for PBXNativeTarget "SpeakHelloWorld" */;
			buildPhases = (
				AC31F079203B1C7200C0DB6F /* Sources */,
				AC31F07A203B1C7200C0DB6F /* Frameworks */,
				AC31F07B203B1C7200C0DB6F /* Resources */,
			);
			buildRules = (
			);
			dependencies = (
			);
			name = SpeakHelloWorld;
			productName = SpeakHelloWorld;
			productReference = AC31F07D203B1C7200C0DB6F /* SpeakHelloWorld.app */;
			productType = "com.apple.product-type.application";
		};
/* End PBXNativeTarget section */

/* Begin PBXProject section */
		AC31F075203B1C7200C0DB6F /* Project object */ = {
			isa = PBXProject;
			attributes = {
				LastSwiftUpdateCheck = 0920;
				LastUpgradeCheck = 0920;
				ORGANIZATIONNAME = "Perry Davies";
				TargetAttributes = {
					AC31F07C203B1C7200C0DB6F = {
						CreatedOnToolsVersion = 9.2;
						ProvisioningStyle = Automatic;
					};
				};
			};
			buildConfigurationList = AC31F078203B1C7200C0DB6F /* Build configuration list for PBXProject "SpeakHelloWorld" */;
			compatibilityVersion = "Xcode 8.0";
			developmentRegion = en;
			hasScannedForEncodings = 0;
			knownRegions = (
				en,
				Base,
			);
			mainGroup = AC31F074203B1C7200C0DB6F;
			productRefGroup = AC31F07E203B1C7200C0DB6F /* Products */;
			projectDirPath = "";
			projectRoot = "";
			targets = (
				AC31F07C203B1C7200C0DB6F /* SpeakHelloWorld */,
			);
		};
/* End PBXProject section */

/* Begin PBXResourcesBuildPhase section */
		AC31F07B203B1C7200C0DB6F /* Resources */ = {
			isa = PBXResourcesBuildPhase;
			buildActionMask = 2147483647;
			files = (
				AC31F08B203B1C7200C0DB6F /* LaunchScreen.storyboard in Resources */,
				AC31F088203B1C7200C0DB6F /* Assets.xcassets in Resources */,
				AC31F086203B1C7200C0DB6F /* Main.storyboard in Resources */,
			);
			runOnlyForDeploymentPostprocessing = 0;
		};
/* End PBXResourcesBuildPhase section */

/* Begin PBXSourcesBuildPhase section */
		AC31F079203B1C7200C0DB6F /* Sources */ = {
			isa = PBXSourcesBuildPhase;
			buildActionMask = 2147483647;
			files = (
				AC31F083203B1C7200C0DB6F /* ViewController.swift in Sources */,
				AC31F081203B1C7200C0DB6F /* AppDelegate.swift in Sources */,
			);
			runOnlyForDeploymentPostprocessing = 0;
		};
/* End PBXSourcesBuildPhase section */

/* Begin PBXVariantGroup section */
		AC31F084203B1C7200C0DB6F /* Main.storyboard */ = {
			isa = PBXVariantGroup;
			children = (
				AC31F085203B1C7200C0DB6F /* Base */,
			);
			name = Main.storyboard;
			sourceTree = "<group>";
		};
		AC31F089203B1C7200C0DB6F /* LaunchScreen.storyboard */ = {
			isa = PBXVariantGroup;
			children = (
				AC31F08A203B1C7200C0DB6F /* Base */,
			);
			name = LaunchScreen.storyboard;
			sourceTree = "<group>";
		};
/* End PBXVariantGroup section */

/* Begin XCBuildConfiguration section */
		AC31F08D203B1C7200C0DB6F /* Debug */ = {
			isa = XCBuildConfiguration;
			buildSettings = {
				ALWAYS_SEARCH_USER_PATHS = NO;
				CLANG_ANALYZER_NONNULL = YES;
				CLANG_ANALYZER_NUMBER_OBJECT_CONVERSION = YES_AGGRESSIVE;
				CLANG_CXX_LANGUAGE_STANDARD = "gnu++14";
				CLANG_CXX_LIBRARY = "libc++";
				CLANG_ENABLE_MODULES = YES;
				CLANG_ENABLE_OBJC_ARC = YES;
				CLANG_WARN_BLOCK_CAPTURE_AUTORELEASING = YES;
				CLANG_WARN_BOOL_CONVERSION = YES;
				CLANG_WARN_COMMA = YES;
				CLANG_WARN_CONSTANT_CONVERSION = YES;
				CLANG_WARN_DIRECT_OBJC_ISA_USAGE = YES_ERROR;
				CLANG_WARN_DOCUMENTATION_COMMENTS = YES;
				CLANG_WARN_EMPTY_BODY = YES;
				CLANG_WARN_ENUM_CONVERSION = YES;
				CLANG_WARN_INFINITE_RECURSION = YES;
				CLANG_WARN_INT_CONVERSION = YES;
				CLANG_WARN_NON_LITERAL_NULL_CONVERSION = YES;
				CLANG_WARN_OBJC_LITERAL_CONVERSION = YES;
				CLANG_WARN_OBJC_ROOT_CLASS = YES_ERROR;
				CLANG_WARN_RANGE_LOOP_ANALYSIS = YES;
				CLANG_WARN_STRICT_PROTOTYPES = YES;
				CLANG_WARN_SUSPICIOUS_MOVE = YES;
				CLANG_WARN_UNGUARDED_AVAILABILITY = YES_AGGRESSIVE;
				CLANG_WARN_UNREACHABLE_CODE = YES;
				CLANG_WARN__DUPLICATE_METHOD_MATCH = YES;
				CODE_SIGN_IDENTITY = "iPhone Developer";
				COPY_PHASE_STRIP = NO;
				DEBUG_INFORMATION_FORMAT = dwarf;
				ENABLE_STRICT_OBJC_MSGSEND = YES;
				ENABLE_TESTABILITY = YES;
				GCC_C_LANGUAGE_STANDARD = gnu11;
				GCC_DYNAMIC_NO_PIC = NO;
				GCC_NO_COMMON_BLOCKS = YES;
				GCC_OPTIMIZATION_LEVEL = 0;
				GCC_PREPROCESSOR_DEFINITIONS = (
					"DEBUG=1",
					"$(inherited)",
				);
				GCC_WARN_64_TO_32_BIT_CONVERSION = YES;
				GCC_WARN_ABOUT_RETURN_TYPE = YES_ERROR;
				GCC_WARN_UNDECLARED_SELECTOR = YES;
				GCC_WARN_UNINITIALIZED_AUTOS = YES_AGGRESSIVE;
				GCC_WARN_UNUSED_FUNCTION = YES;
				GCC_WARN_UNUSED_VARIABLE = YES;
				IPHONEOS_DEPLOYMENT_TARGET = 11.2;
				MTL_ENABLE_DEBUG_INFO = YES;
				ONLY_ACTIVE_ARCH = YES;
				SDKROOT = iphoneos;
				SWIFT_ACTIVE_COMPILATION_CONDITIONS = DEBUG;
				SWIFT_OPTIMIZATION_LEVEL = "-Onone";
			};
			name = Debug;
		};
		AC31F08E203B1C7200C0DB6F /* Release */ = {
			isa = XCBuildConfiguration;
			buildSettings = {
				ALWAYS_SEARCH_USER_PATHS = NO;
				CLANG_ANALYZER_NONNULL = YES;
				CLANG_ANALYZER_NUMBER_OBJECT_CONVERSION = YES_AGGRESSIVE;
				CLANG_CXX_LANGUAGE_STANDARD = "gnu++14";
				CLANG_CXX_LIBRARY = "libc++";
				CLANG_ENABLE_MODULES = YES;
				CLANG_ENABLE_OBJC_ARC = YES;
				CLANG_WARN_BLOCK_CAPTURE_AUTORELEASING = YES;
				CLANG_WARN_BOOL_CONVERSION = YES;
				CLANG_WARN_COMMA = YES;
				CLANG_WARN_CONSTANT_CONVERSION = YES;
				CLANG_WARN_DIRECT_OBJC_ISA_USAGE = YES_ERROR;
				CLANG_WARN_DOCUMENTATION_COMMENTS = YES;
				CLANG_WARN_EMPTY_BODY = YES;
				CLANG_WARN_ENUM_CONVERSION = YES;
				CLANG_WARN_INFINITE_RECURSION = YES;
				CLANG_WARN_INT_CONVERSION = YES;
				CLANG_WARN_NON_LITERAL_NULL_CONVERSION = YES;
				CLANG_WARN_OBJC_LITERAL_CONVERSION = YES;
				CLANG_WARN_OBJC_ROOT_CLASS = YES_ERROR;
				CLANG_WARN_RANGE_LOOP_ANALYSIS = YES;
				CLANG_WARN_STRICT_PROTOTYPES = YES;
				CLANG_WARN_SUSPICIOUS_MOVE = YES;
				CLANG_WARN_UNGUARDED_AVAILABILITY = YES_AGGRESSIVE;
				CLANG_WARN_UNREACHABLE_CODE = YES;
				CLANG_WARN__DUPLICATE_METHOD_MATCH = YES;
				CODE_SIGN_IDENTITY = "iPhone Developer";
				COPY_PHASE_STRIP = NO;
				DEBUG_INFORMATION_FORMAT = "dwarf-with-dsym";
				ENABLE_NS_ASSERTIONS = NO;
				ENABLE_STRICT_OBJC_MSGSEND = YES;
				GCC_C_LANGUAGE_STANDARD = gnu11;
				GCC_NO_COMMON_BLOCKS = YES;
				GCC_WARN_64_TO_32_BIT_CONVERSION = YES;
				GCC_WARN_ABOUT_RETURN_TYPE = YES_ERROR;
				GCC_WARN_UNDECLARED_SELECTOR = YES;
				GCC_WARN_UNINITIALIZED_AUTOS = YES_AGGRESSIVE;
				GCC_WARN_UNUSED_FUNCTION = YES;
				GCC_WARN_UNUSED_VARIABLE = YES;
				IPHONEOS_DEPLOYMENT_TARGET = 11.2;
				MTL_ENABLE_DEBUG_INFO = NO;
				SDKROOT = iphoneos;
				SWIFT_OPTIMIZATION_LEVEL = "-Owholemodule";
				VALIDATE_PRODUCT = YES;
			};
			name = Release;
		};
		AC31F090203B1C7200C0DB6F /* Debug */ = {
			isa = XCBuildConfiguration;
			buildSettings = {
				ASSETCATALOG_COMPILER_APPICON_NAME = AppIcon;
				CODE_SIGN_STYLE = Automatic;
				INFOPLIST_FILE = SpeakHelloWorld/Info.plist;
				LD_RUNPATH_SEARCH_PATHS = "$(inherited) @executable_path/Frameworks";
				PRODUCT_BUNDLE_IDENTIFIER = com.perrydavies.RecordAndPlay.SpeakHelloWorld;
				PRODUCT_NAME = "$(TARGET_NAME)";
				SWIFT_VERSION = 4.0;
				TARGETED_DEVICE_FAMILY = "1,2";
			};
			name = Debug;
		};
		AC31F091203B1C7200C0DB6F /* Release */ = {
			isa = XCBuildConfiguration;
			buildSettings = {
				ASSETCATALOG_COMPILER_APPICON_NAME = AppIcon;
				CODE_SIGN_STYLE = Automatic;
				INFOPLIST_FILE = SpeakHelloWorld/Info.plist;
				LD_RUNPATH_SEARCH_PATHS = "$(inherited) @executable_path/Frameworks";
				PRODUCT_BUNDLE_IDENTIFIER = com.perrydavies.RecordAndPlay.SpeakHelloWorld;
				PRODUCT_NAME = "$(TARGET_NAME)";
				SWIFT_VERSION = 4.0;
				TARGETED_DEVICE_FAMILY = "1,2";
			};
			name = Release;
		};
/* End XCBuildConfiguration section */

/* Begin XCConfigurationList section */
		AC31F078203B1C7200C0DB6F /* Build configuration list for PBXProject "SpeakHelloWorld" */ = {
			isa = XCConfigurationList;
			buildConfigurations = (
				AC31F08D203B1C7200C0DB6F /* Debug */,
				AC31F08E203B1C7200C0DB6F /* Release */,
			);
			defaultConfigurationIsVisible = 0;
			defaultConfigurationName = Release;
		};
		AC31F08F203B1C7200C0DB6F /* Build configuration list for PBXNativeTarget "SpeakHelloWorld" */ = {
			isa = XCConfigurationList;
			buildConfigurations = (
				AC31F090203B1C7200C0DB6F /* Debug */,
				AC31F091203B1C7200C0DB6F /* Release */,
			);
			defaultConfigurationIsVisible = 0;
			defaultConfigurationName = Release;
		};
/* End XCConfigurationList section */
	};
	rootObject = AC31F075203B1C7200C0DB6F /* Project object */;
}
